# @generated by Move, please check-in and do not edit manually.

[move]
version = 3
manifest_digest = "CD8FD358448D9B4653F4956F789B85CD2A39BE92D8C04F0A301B57F30F52C4A1"
deps_digest = "F8BBB0CCB2491CA29A3DF03D6F92277A4F3574266507ACD77214D37ECA3F3082"
dependencies = [
  { id = "Sui", name = "Sui" },
]

[[move.package]]
id = "MoveStdlib"
source = { git = "https://github.com/MystenLabs/sui.git", rev = "framework/testnet", subdir = "crates/sui-framework/packages/move-stdlib" }

[[move.package]]
id = "Sui"
source = { git = "https://github.com/MystenLabs/sui.git", rev = "framework/testnet", subdir = "crates/sui-framework/packages/sui-framework" }

dependencies = [
  { id = "MoveStdlib", name = "MoveStdlib" },
]

[move.toolchain-version]
compiler-version = "1.36.0"
edition = "2024.beta"
flavor = "sui"

[env]

[env.devnet]
chain-id = "b9643850"
original-published-id = "0x217eb6c1b705c0b27fd58485fcb7e52c137d0c824af9993b52e066f16200a238"
latest-published-id = "0x217eb6c1b705c0b27fd58485fcb7e52c137d0c824af9993b52e066f16200a238"
published-version = "1"
